
Microsoft Visual Studio Solution File, Format Version 12.00
# Visual Studio Version 17
VisualStudioVersion = 17.3.32929.385
MinimumVisualStudioVersion = 10.0.40219.1
Project("{FAE04EC0-301F-11D3-BF4B-00C04F79EFBC}") = "ExplorerApplication", "ExplorerApplication\ExplorerApplication.csproj", "{CF7AD2D7-6C3A-4281-8034-8C249506E33E}"
EndProject
Global
	GlobalSection(SolutionConfigurationPlatforms) = preSolution
		Debug|Any CPU = Debug|Any CPU
		Release|Any CPU = Release|Any CPU
	EndGlobalSection
	GlobalSection(ProjectConfigurationPlatforms) = postSolution
		{CF7AD2D7-6C3A-4281-8034-8C249506E33E}.Debug|Any CPU.ActiveCfg = Debug|Any CPU
		{CF7AD2D7-6C3A-4281-8034-8C249506E33E}.Debug|Any CPU.Build.0 = Debug|Any CPU
		{CF7AD2D7-6C3A-4281-8034-8C249506E33E}.Release|Any CPU.ActiveCfg = Release|Any CPU
		{CF7AD2D7-6C3A-4281-8034-8C249506E33E}.Release|Any CPU.Build.0 = Release|Any CPU
	EndGlobalSection
	GlobalSection(SolutionProperties) = preSolution
		HideSolutionNode = FALSE
	EndGlobalSection
	GlobalSection(ExtensibilityGlobals) = postSolution
		SolutionGuid = {9BBB60A2-F974-4D9A-B18C-EE46D080DCD8}
	EndGlobalSection
EndGlobal
